{
    "_readme": [
        "This file locks the dependencies of your project to a known state",
        "Read more about it at http://getcomposer.org/doc/01-basic-usage.md#composer-lock-the-lock-file",
        "This file is @generated automatically"
    ],
    "hash": "d98a96326b9f8666b0f632f522b0c406",
    "packages": [
        {
            "name": "rodneyrehm/plist",
            "version": "v2.0",
            "source": {
                "type": "git",
                "url": "https://github.com/rodneyrehm/CFPropertyList.git",
                "reference": "a59040c1c86188eec89de43f8827b42a0bd36028"
            },
            "dist": {
                "type": "zip",
                "url": "https://api.github.com/repos/rodneyrehm/CFPropertyList/zipball/a59040c1c86188eec89de43f8827b42a0bd36028",
                "reference": "a59040c1c86188eec89de43f8827b42a0bd36028",
                "shasum": ""
            },
            "require": {
                "php": ">=5.3"
            },
            "type": "library",
            "autoload": {
                "psr-0": {
                    "CFPropertyList": "classes/"
                }
            },
            "notification-url": "https://packagist.org/downloads/",
            "license": [
                "MIT"
            ],
            "authors": [
                {
                    "name": "Christian Kruse",
                    "email": "cjk@wwwtech.de"
                },
                {
                    "name": "Rodney Rehm",
                    "email": "mail+github@rodneyrehm.de"
                }
            ],
            "description": "Library for reading and writing Apple's CFPropertyList (plist) files in XML as well as binary format.",
            "homepage": "https://github.com/rodneyrehm/CFPropertyList",
            "keywords": [
                "plist"
            ],
            "time": "2012-07-22 10:57:41"
        },
        {
            "name": "symfony/dependency-injection",
            "version": "v2.6.1",
            "target-dir": "Symfony/Component/DependencyInjection",
            "source": {
                "type": "git",
                "url": "https://github.com/symfony/DependencyInjection.git",
                "reference": "e2693382ef9456a7c7e382f34f813e4b4332941d"
            },
            "dist": {
                "type": "zip",
                "url": "https://api.github.com/repos/symfony/DependencyInjection/zipball/e2693382ef9456a7c7e382f34f813e4b4332941d",
                "reference": "e2693382ef9456a7c7e382f34f813e4b4332941d",
                "shasum": ""
            },
            "require": {
                "php": ">=5.3.3"
            },
            "require-dev": {
                "symfony/config": "~2.2",
                "symfony/expression-language": "~2.4",
                "symfony/yaml": "~2.0"
            },
            "suggest": {
                "symfony/config": "",
                "symfony/proxy-manager-bridge": "Generate service proxies to lazy load them",
                "symfony/yaml": ""
            },
            "type": "library",
            "extra": {
                "branch-alias": {
                    "dev-master": "2.6-dev"
                }
            },
            "autoload": {
                "psr-0": {
                    "Symfony\\Component\\DependencyInjection\\": ""
                }
            },
            "notification-url": "https://packagist.org/downloads/",
            "license": [
                "MIT"
            ],
            "authors": [
                {
                    "name": "Symfony Community",
                    "homepage": "http://symfony.com/contributors"
                },
                {
                    "name": "Fabien Potencier",
                    "email": "fabien@symfony.com"
                }
            ],
            "description": "Symfony DependencyInjection Component",
            "homepage": "http://symfony.com",
            "time": "2014-12-03 09:22:11"
        },
        {
            "name": "symfony/event-dispatcher",
            "version": "v2.6.1",
            "target-dir": "Symfony/Component/EventDispatcher",
            "source": {
                "type": "git",
                "url": "https://github.com/symfony/EventDispatcher.git",
                "reference": "720fe9bca893df7ad1b4546649473b5afddf0216"
            },
            "dist": {
                "type": "zip",
                "url": "https://api.github.com/repos/symfony/EventDispatcher/zipball/720fe9bca893df7ad1b4546649473b5afddf0216",
                "reference": "720fe9bca893df7ad1b4546649473b5afddf0216",
                "shasum": ""
            },
            "require": {
                "php": ">=5.3.3"
            },
            "require-dev": {
                "psr/log": "~1.0",
                "symfony/config": "~2.0",
                "symfony/dependency-injection": "~2.6",
                "symfony/expression-language": "~2.6",
                "symfony/stopwatch": "~2.2"
            },
            "suggest": {
                "symfony/dependency-injection": "",
                "symfony/http-kernel": ""
            },
            "type": "library",
            "extra": {
                "branch-alias": {
                    "dev-master": "2.6-dev"
                }
            },
            "autoload": {
                "psr-0": {
                    "Symfony\\Component\\EventDispatcher\\": ""
                }
            },
            "notification-url": "https://packagist.org/downloads/",
            "license": [
                "MIT"
            ],
            "authors": [
                {
                    "name": "Symfony Community",
                    "homepage": "http://symfony.com/contributors"
                },
                {
                    "name": "Fabien Potencier",
                    "email": "fabien@symfony.com"
                }
            ],
            "description": "Symfony EventDispatcher Component",
            "homepage": "http://symfony.com",
            "time": "2014-12-02 20:19:20"
        }
    ],
    "packages-dev": [],
    "aliases": [],
    "minimum-stability": "stable",
    "stability-flags": [],
    "prefer-stable": false,
    "prefer-lowest": false,
    "platform": [],
    "platform-dev": []
}
